// !$*UTF8*$!
{
	archiveVersion = 1;
	classes = {
	};
	objectVersion = 46;
	objects = {

/* Begin PBXBuildFile section */
		54F51B341E0FAEAA00261920 /* main.m in Sources */ = {isa = PBXBuildFile; fileRef = 54F51B331E0FAEAA00261920 /* main.m */; };
		54F51B371E0FAEAA00261920 /* AppDelegate.m in Sources */ = {isa = PBXBuildFile; fileRef = 54F51B361E0FAEAA00261920 /* AppDelegate.m */; };
		54F51B3A1E0FAEAA00261920 /* ViewController.m in Sources */ = {isa = PBXBuildFile; fileRef = 54F51B391E0FAEAA00261920 /* ViewController.m */; };
		54F51B3D1E0FAEAA00261920 /* Main.storyboard in Resources */ = {isa = PBXBuildFile; fileRef = 54F51B3B1E0FAEAA00261920 /* Main.storyboard */; };
		54F51B3F1E0FAEAA00261920 /* Assets.xcassets in Resources */ = {isa = PBXBuildFile; fileRef = 54F51B3E1E0FAEAA00261920 /* Assets.xcassets */; };
		54F51B421E0FAEAA00261920 /* LaunchScreen.storyboard in Resources */ = {isa = PBXBuildFile; fileRef = 54F51B401E0FAEAA00261920 /* LaunchScreen.storyboard */; };
		54F51B4B1E0FAED400261920 /* UIView+WS.m in Sources */ = {isa = PBXBuildFile; fileRef = 54F51B4A1E0FAED400261920 /* UIView+WS.m */; };
		54F51B4E1E0FC4EA00261920 /* WSCollectionViewCell.m in Sources */ = {isa = PBXBuildFile; fileRef = 54F51B4D1E0FC4EA00261920 /* WSCollectionViewCell.m */; };
		54F51B511E0FC5E500261920 /* FpsViewController.m in Sources */ = {isa = PBXBuildFile; fileRef = 54F51B501E0FC5E500261920 /* FpsViewController.m */; };
/* End PBXBuildFile section */

/* Begin PBXFileReference section */
		54F51B2F1E0FAEAA00261920 /* drawCorner.app */ = {isa = PBXFileReference; explicitFileType = wrapper.application; includeInIndex = 0; path = drawCorner.app; sourceTree = BUILT_PRODUCTS_DIR; };
		54F51B331E0FAEAA00261920 /* main.m */ = {isa = PBXFileReference; lastKnownFileType = sourcecode.c.objc; path = main.m; sourceTree = "<group>"; };
		54F51B351E0FAEAA00261920 /* AppDelegate.h */ = {isa = PBXFileReference; lastKnownFileType = sourcecode.c.h; path = AppDelegate.h; sourceTree = "<group>"; };
		54F51B361E0FAEAA00261920 /* AppDelegate.m */ = {isa = PBXFileReference; lastKnownFileType = sourcecode.c.objc; path = AppDelegate.m; sourceTree = "<group>"; };
		54F51B381E0FAEAA00261920 /* ViewController.h */ = {isa = PBXFileReference; lastKnownFileType = sourcecode.c.h; path = ViewController.h; sourceTree = "<group>"; };
		54F51B391E0FAEAA00261920 /* ViewController.m */ = {isa = PBXFileReference; lastKnownFileType = sourcecode.c.objc; path = ViewController.m; sourceTree = "<group>"; };
		54F51B3C1E0FAEAA00261920 /* Base */ = {isa = PBXFileReference; lastKnownFileType = file.storyboard; name = Base; path = Base.lproj/Main.storyboard; sourceTree = "<group>"; };
		54F51B3E1E0FAEAA00261920 /* Assets.xcassets */ = {isa = PBXFileReference; lastKnownFileType = folder.assetcatalog; path = Assets.xcassets; sourceTree = "<group>"; };
		54F51B411E0FAEAA00261920 /* Base */ = {isa = PBXFileReference; lastKnownFileType = file.storyboard; name = Base; path = Base.lproj/LaunchScreen.storyboard; sourceTree = "<group>"; };
		54F51B431E0FAEAA00261920 /* Info.plist */ = {isa = PBXFileReference; lastKnownFileType = text.plist.xml; path = Info.plist; sourceTree = "<group>"; };
		54F51B491E0FAED400261920 /* UIView+WS.h */ = {isa = PBXFileReference; fileEncoding = 4; lastKnownFileType = sourcecode.c.h; path = "UIView+WS.h"; sourceTree = "<group>"; };
		54F51B4A1E0FAED400261920 /* UIView+WS.m */ = {isa = PBXFileReference; fileEncoding = 4; lastKnownFileType = sourcecode.c.objc; path = "UIView+WS.m"; sourceTree = "<group>"; };
		54F51B4C1E0FC4EA00261920 /* WSCollectionViewCell.h */ = {isa = PBXFileReference; fileEncoding = 4; lastKnownFileType = sourcecode.c.h; path = WSCollectionViewCell.h; sourceTree = "<group>"; };
		54F51B4D1E0FC4EA00261920 /* WSCollectionViewCell.m */ = {isa = PBXFileReference; fileEncoding = 4; lastKnownFileType = sourcecode.c.objc; path = WSCollectionViewCell.m; sourceTree = "<group>"; };
		54F51B4F1E0FC5E500261920 /* FpsViewController.h */ = {isa = PBXFileReference; fileEncoding = 4; lastKnownFileType = sourcecode.c.h; path = FpsViewController.h; sourceTree = "<group>"; };
		54F51B501E0FC5E500261920 /* FpsViewController.m */ = {isa = PBXFileReference; fileEncoding = 4; lastKnownFileType = sourcecode.c.objc; path = FpsViewController.m; sourceTree = "<group>"; };
/* End PBXFileReference section */

/* Begin PBXFrameworksBuildPhase section */
		54F51B2C1E0FAEAA00261920 /* Frameworks */ = {
			isa = PBXFrameworksBuildPhase;
			buildActionMask = 2147483647;
			files = (
			);
			runOnlyForDeploymentPostprocessing = 0;
		};
/* End PBXFrameworksBuildPhase section */

/* Begin PBXGroup section */
		54F51B261E0FAEAA00261920 = {
			isa = PBXGroup;
			children = (
				54F51B491E0FAED400261920 /* UIView+WS.h */,
				54F51B4A1E0FAED400261920 /* UIView+WS.m */,
				54F51B4F1E0FC5E500261920 /* FpsViewController.h */,
				54F51B501E0FC5E500261920 /* FpsViewController.m */,
				54F51B311E0FAEAA00261920 /* drawCorner */,
				54F51B301E0FAEAA00261920 /* Products */,
			);
			sourceTree = "<group>";
		};
		54F51B301E0FAEAA00261920 /* Products */ = {
			isa = PBXGroup;
			children = (
				54F51B2F1E0FAEAA00261920 /* drawCorner.app */,
			);
			name = Products;
			sourceTree = "<group>";
		};
		54F51B311E0FAEAA00261920 /* drawCorner */ = {
			isa = PBXGroup;
			children = (
				54F51B351E0FAEAA00261920 /* AppDelegate.h */,
				54F51B361E0FAEAA00261920 /* AppDelegate.m */,
				54F51B381E0FAEAA00261920 /* ViewController.h */,
				54F51B391E0FAEAA00261920 /* ViewController.m */,
				54F51B3B1E0FAEAA00261920 /* Main.storyboard */,
				54F51B3E1E0FAEAA00261920 /* Assets.xcassets */,
				54F51B401E0FAEAA00261920 /* LaunchScreen.storyboard */,
				54F51B431E0FAEAA00261920 /* Info.plist */,
				54F51B321E0FAEAA00261920 /* Supporting Files */,
				54F51B4C1E0FC4EA00261920 /* WSCollectionViewCell.h */,
				54F51B4D1E0FC4EA00261920 /* WSCollectionViewCell.m */,
			);
			path = drawCorner;
			sourceTree = "<group>";
		};
		54F51B321E0FAEAA00261920 /* Supporting Files */ = {
			isa = PBXGroup;
			children = (
				54F51B331E0FAEAA00261920 /* main.m */,
			);
			name = "Supporting Files";
			sourceTree = "<group>";
		};
/* End PBXGroup section */

/* Begin PBXNativeTarget section */
		54F51B2E1E0FAEAA00261920 /* drawCorner */ = {
			isa = PBXNativeTarget;
			buildConfigurationList = 54F51B461E0FAEAA00261920 /* Build configuration list for PBXNativeTarget "drawCorner" */;
			buildPhases = (
				54F51B2B1E0FAEAA00261920 /* Sources */,
				54F51B2C1E0FAEAA00261920 /* Frameworks */,
				54F51B2D1E0FAEAA00261920 /* Resources */,
			);
			buildRules = (
			);
			dependencies = (
			);
			name = drawCorner;
			productName = drawCorner;
			productReference = 54F51B2F1E0FAEAA00261920 /* drawCorner.app */;
			productType = "com.apple.product-type.application";
		};
/* End PBXNativeTarget section */

/* Begin PBXProject section */
		54F51B271E0FAEAA00261920 /* Project object */ = {
			isa = PBXProject;
			attributes = {
				LastUpgradeCheck = 0820;
				ORGANIZATIONNAME = WS;
				TargetAttributes = {
					54F51B2E1E0FAEAA00261920 = {
						CreatedOnToolsVersion = 8.2.1;
						DevelopmentTeam = NT9VR9C9HY;
						ProvisioningStyle = Automatic;
					};
				};
			};
			buildConfigurationList = 54F51B2A1E0FAEAA00261920 /* Build configuration list for PBXProject "drawCorner" */;
			compatibilityVersion = "Xcode 3.2";
			developmentRegion = English;
			hasScannedForEncodings = 0;
			knownRegions = (
				en,
				Base,
			);
			mainGroup = 54F51B261E0FAEAA00261920;
			productRefGroup = 54F51B301E0FAEAA00261920 /* Products */;
			projectDirPath = "";
			projectRoot = "";
			targets = (
				54F51B2E1E0FAEAA00261920 /* drawCorner */,
			);
		};
/* End PBXProject section */

/* Begin PBXResourcesBuildPhase section */
		54F51B2D1E0FAEAA00261920 /* Resources */ = {
			isa = PBXResourcesBuildPhase;
			buildActionMask = 2147483647;
			files = (
				54F51B421E0FAEAA00261920 /* LaunchScreen.storyboard in Resources */,
				54F51B3F1E0FAEAA00261920 /* Assets.xcassets in Resources */,
				54F51B3D1E0FAEAA00261920 /* Main.storyboard in Resources */,
			);
			runOnlyForDeploymentPostprocessing = 0;
		};
/* End PBXResourcesBuildPhase section */

/* Begin PBXSourcesBuildPhase section */
		54F51B2B1E0FAEAA00261920 /* Sources */ = {
			isa = PBXSourcesBuildPhase;
			buildActionMask = 2147483647;
			files = (
				54F51B4E1E0FC4EA00261920 /* WSCollectionViewCell.m in Sources */,
				54F51B4B1E0FAED400261920 /* UIView+WS.m in Sources */,
				54F51B3A1E0FAEAA00261920 /* ViewController.m in Sources */,
				54F51B371E0FAEAA00261920 /* AppDelegate.m in Sources */,
				54F51B511E0FC5E500261920 /* FpsViewController.m in Sources */,
				54F51B341E0FAEAA00261920 /* main.m in Sources */,
			);
			runOnlyForDeploymentPostprocessing = 0;
		};
/* End PBXSourcesBuildPhase section */

/* Begin PBXVariantGroup section */
		54F51B3B1E0FAEAA00261920 /* Main.storyboard */ = {
			isa = PBXVariantGroup;
			children = (
				54F51B3C1E0FAEAA00261920 /* Base */,
			);
			name = Main.storyboard;
			sourceTree = "<group>";
		};
		54F51B401E0FAEAA00261920 /* LaunchScreen.storyboard */ = {
			isa = PBXVariantGroup;
			children = (
				54F51B411E0FAEAA00261920 /* Base */,
			);
			name = LaunchScreen.storyboard;
			sourceTree = "<group>";
		};
/* End PBXVariantGroup section */

/* Begin XCBuildConfiguration section */
		54F51B441E0FAEAA00261920 /* Debug */ = {
			isa = XCBuildConfiguration;
			buildSettings = {
				ALWAYS_SEARCH_USER_PATHS = NO;
				CLANG_ANALYZER_NONNULL = YES;
				CLANG_CXX_LANGUAGE_STANDARD = "gnu++0x";
				CLANG_CXX_LIBRARY = "libc++";
				CLANG_ENABLE_MODULES = YES;
				CLANG_ENABLE_OBJC_ARC = YES;
				CLANG_WARN_BOOL_CONVERSION = YES;
				CLANG_WARN_CONSTANT_CONVERSION = YES;
				CLANG_WARN_DIRECT_OBJC_ISA_USAGE = YES_ERROR;
				CLANG_WARN_DOCUMENTATION_COMMENTS = YES;
				CLANG_WARN_EMPTY_BODY = YES;
				CLANG_WARN_ENUM_CONVERSION = YES;
				CLANG_WARN_INFINITE_RECURSION = YES;
				CLANG_WARN_INT_CONVERSION = YES;
				CLANG_WARN_OBJC_ROOT_CLASS = YES_ERROR;
				CLANG_WARN_SUSPICIOUS_MOVE = YES;
				CLANG_WARN_UNREACHABLE_CODE = YES;
				CLANG_WARN__DUPLICATE_METHOD_MATCH = YES;
				"CODE_SIGN_IDENTITY[sdk=iphoneos*]" = "iPhone Developer";
				COPY_PHASE_STRIP = NO;
				DEBUG_INFORMATION_FORMAT = dwarf;
				ENABLE_STRICT_OBJC_MSGSEND = YES;
				ENABLE_TESTABILITY = YES;
				GCC_C_LANGUAGE_STANDARD = gnu99;
				GCC_DYNAMIC_NO_PIC = NO;
				GCC_NO_COMMON_BLOCKS = YES;
				GCC_OPTIMIZATION_LEVEL = 0;
				GCC_PREPROCESSOR_DEFINITIONS = (
					"DEBUG=1",
					"$(inherited)",
				);
				GCC_WARN_64_TO_32_BIT_CONVERSION = YES;
				GCC_WARN_ABOUT_RETURN_TYPE = YES_ERROR;
				GCC_WARN_UNDECLARED_SELECTOR = YES;
				GCC_WARN_UNINITIALIZED_AUTOS = YES_AGGRESSIVE;
				GCC_WARN_UNUSED_FUNCTION = YES;
				GCC_WARN_UNUSED_VARIABLE = YES;
				IPHONEOS_DEPLOYMENT_TARGET = 10.2;
				MTL_ENABLE_DEBUG_INFO = YES;
				ONLY_ACTIVE_ARCH = YES;
				SDKROOT = iphoneos;
				TARGETED_DEVICE_FAMILY = "1,2";
			};
			name = Debug;
		};
		54F51B451E0FAEAA00261920 /* Release */ = {
			isa = XCBuildConfiguration;
			buildSettings = {
				ALWAYS_SEARCH_USER_PATHS = NO;
				CLANG_ANALYZER_NONNULL = YES;
				CLANG_CXX_LANGUAGE_STANDARD = "gnu++0x";
				CLANG_CXX_LIBRARY = "libc++";
				CLANG_ENABLE_MODULES = YES;
				CLANG_ENABLE_OBJC_ARC = YES;
				CLANG_WARN_BOOL_CONVERSION = YES;
				CLANG_WARN_CONSTANT_CONVERSION = YES;
				CLANG_WARN_DIRECT_OBJC_ISA_USAGE = YES_ERROR;
				CLANG_WARN_DOCUMENTATION_COMMENTS = YES;
				CLANG_WARN_EMPTY_BODY = YES;
				CLANG_WARN_ENUM_CONVERSION = YES;
				CLANG_WARN_INFINITE_RECURSION = YES;
				CLANG_WARN_INT_CONVERSION = YES;
				CLANG_WARN_OBJC_ROOT_CLASS = YES_ERROR;
				CLANG_WARN_SUSPICIOUS_MOVE = YES;
				CLANG_WARN_UNREACHABLE_CODE = YES;
				CLANG_WARN__DUPLICATE_METHOD_MATCH = YES;
				"CODE_SIGN_IDENTITY[sdk=iphoneos*]" = "iPhone Developer";
				COPY_PHASE_STRIP = NO;
				DEBUG_INFORMATION_FORMAT = "dwarf-with-dsym";
				ENABLE_NS_ASSERTIONS = NO;
				ENABLE_STRICT_OBJC_MSGSEND = YES;
				GCC_C_LANGUAGE_STANDARD = gnu99;
				GCC_NO_COMMON_BLOCKS = YES;
				GCC_WARN_64_TO_32_BIT_CONVERSION = YES;
				GCC_WARN_ABOUT_RETURN_TYPE = YES_ERROR;
				GCC_WARN_UNDECLARED_SELECTOR = YES;
				GCC_WARN_UNINITIALIZED_AUTOS = YES_AGGRESSIVE;
				GCC_WARN_UNUSED_FUNCTION = YES;
				GCC_WARN_UNUSED_VARIABLE = YES;
				IPHONEOS_DEPLOYMENT_TARGET = 10.2;
				MTL_ENABLE_DEBUG_INFO = NO;
				SDKROOT = iphoneos;
				TARGETED_DEVICE_FAMILY = "1,2";
				VALIDATE_PRODUCT = YES;
			};
			name = Release;
		};
		54F51B471E0FAEAA00261920 /* Debug */ = {
			isa = XCBuildConfiguration;
			buildSettings = {
				ASSETCATALOG_COMPILER_APPICON_NAME = AppIcon;
				DEVELOPMENT_TEAM = NT9VR9C9HY;
				INFOPLIST_FILE = drawCorner/Info.plist;
				LD_RUNPATH_SEARCH_PATHS = "$(inherited) @executable_path/Frameworks";
				PRODUCT_BUNDLE_IDENTIFIER = WS.drawCorner;
				PRODUCT_NAME = "$(TARGET_NAME)";
			};
			name = Debug;
		};
		54F51B481E0FAEAA00261920 /* Release */ = {
			isa = XCBuildConfiguration;
			buildSettings = {
				ASSETCATALOG_COMPILER_APPICON_NAME = AppIcon;
				DEVELOPMENT_TEAM = NT9VR9C9HY;
				INFOPLIST_FILE = drawCorner/Info.plist;
				LD_RUNPATH_SEARCH_PATHS = "$(inherited) @executable_path/Frameworks";
				PRODUCT_BUNDLE_IDENTIFIER = WS.drawCorner;
				PRODUCT_NAME = "$(TARGET_NAME)";
			};
			name = Release;
		};
/* End XCBuildConfiguration section */

/* Begin XCConfigurationList section */
		54F51B2A1E0FAEAA00261920 /* Build configuration list for PBXProject "drawCorner" */ = {
			isa = XCConfigurationList;
			buildConfigurations = (
				54F51B441E0FAEAA00261920 /* Debug */,
				54F51B451E0FAEAA00261920 /* Release */,
			);
			defaultConfigurationIsVisible = 0;
			defaultConfigurationName = Release;
		};
		54F51B461E0FAEAA00261920 /* Build configuration list for PBXNativeTarget "drawCorner" */ = {
			isa = XCConfigurationList;
			buildConfigurations = (
				54F51B471E0FAEAA00261920 /* Debug */,
				54F51B481E0FAEAA00261920 /* Release */,
			);
			defaultConfigurationIsVisible = 0;
		};
/* End XCConfigurationList section */
	};
	rootObject = 54F51B271E0FAEAA00261920 /* Project object */;
}
